
Microsoft Visual Studio Solution File, Format Version 12.00
# Visual Studio Version 16
VisualStudioVersion = 16.0.32630.194
MinimumVisualStudioVersion = 10.0.40219.1
Project("{FAE04EC0-301F-11D3-BF4B-00C04F79EFBC}") = "MediaPlayer", "MediaPlayer\MediaPlayer.csproj", "{601702F5-B1DC-4E17-81B5-2BB441C9A3FB}"
EndProject
Global
	GlobalSection(SolutionConfigurationPlatforms) = preSolution
		Debug|Any CPU = Debug|Any CPU
		Release|Any CPU = Release|Any CPU
	EndGlobalSection
	GlobalSection(ProjectConfigurationPlatforms) = postSolution
		{601702F5-B1DC-4E17-81B5-2BB441C9A3FB}.Debug|Any CPU.ActiveCfg = Debug|Any CPU
		{601702F5-B1DC-4E17-81B5-2BB441C9A3FB}.Debug|Any CPU.Build.0 = Debug|Any CPU
		{601702F5-B1DC-4E17-81B5-2BB441C9A3FB}.Release|Any CPU.ActiveCfg = Release|Any CPU
		{601702F5-B1DC-4E17-81B5-2BB441C9A3FB}.Release|Any CPU.Build.0 = Release|Any CPU
	EndGlobalSection
	GlobalSection(SolutionProperties) = preSolution
		HideSolutionNode = FALSE
	EndGlobalSection
	GlobalSection(ExtensibilityGlobals) = postSolution
		SolutionGuid = {6ECD758D-2F1E-4C5A-9772-9EE265DC6B08}
	EndGlobalSection
EndGlobal
